{
    "_meta": {
        "hash": {
            "sha256": "f1379e2e270041f701d865eb9ef0b29ad659c0f67f843376f60448768828a1f1"
        },
        "pipfile-spec": 6,
        "requires": {
            "python_version": "3.5"
        },
        "sources": [
            {
                "name": "pypi",
                "url": "https://pypi.org/simple",
                "verify_ssl": true
            }
        ]
    },
    "default": {
        "adafruit-bmp": {
            "hashes": [
                "sha256:eded0dbd503b5347152f7381e3ee2bb659ab5bb743731af9cc4f8e6b9c8bf754"
            ],
            "index": "pypi",
            "version": "==1.5.4"
        },
        "adafruit-gpio": {
            "hashes": [
                "sha256:d6465b92c866c51ca8f3bc1e8f2ec36f5ccdb46d0fd54101c1109756d4a2dcd0"
            ],
            "index": "pypi",
            "version": "==1.0.3"
        },
        "adafruit-pureio": {
            "hashes": [
                "sha256:e65cd929f1d8e109513ed1e457c2742bf4f15349c1a9b7f5b1e04191624d7488"
            ],
            "version": "==0.2.3"
        },
        "azure-iothub-device-client": {
            "hashes": [
                "sha256:215dd17549c34d9587ebf51808a29ded6d85e1c7502050cc09c093ce9f8036b9",
                "sha256:2670262aa39b17a469a3ca79e3098dc3258289fc44c54533d03d8c81690221a3",
                "sha256:2af21b667d7266bbd993f5398840d5a5115d5f67a6595a248c0816ef3ac8bdbf",
                "sha256:2c1630ff57f08eabbbaf917d6970cfbab0c55746754a59d26264ff5bbf63ad1b",
                "sha256:37ddff2a1de10f640b0192c6fd1a3ace3e11d4851992a2222aa1ccca781974c4",
                "sha256:388d9ecedc445070f8618e42b4dceff94e72e9bf97c3439e6642fd50f4299978",
                "sha256:39ee73daf1b1290c88084e72ff272bc3142f8ca259604c0f89687f0c621d426f",
                "sha256:cf380af9df478a61006c957670602cfe19a9e57bd6ec9d4e1ee380fc80b21838",
                "sha256:d2d785c69deba82530fdb8abec69cd3c0e294716a944c724eadefa45b7aa224f",
                "sha256:de3a2387bd7ee723d02b5458f41f6a02ac31ddd273c07c41882ad30823cc5b76",
                "sha256:e05facf315c0b9beb9c2113dd9342210648ac87b406a998798edc3f616b7dcf6",
                "sha256:f4c59ef96985d4f18afe3e11866a5806f53b5ec95501c37ead01d9cab142627e"
            ],
            "index": "pypi",
            "version": "==1.4.6"
        },
        "certifi": {
            "hashes": [
                "sha256:59b7658e26ca9c7339e00f8f4636cdfe59d34fa37b9b04f6f9e9926b3cece1a5",
                "sha256:b26104d6835d1f5e49452a26eb2ff87fe7090b89dfcaee5ea2212697e1e1d7ae"
            ],
            "version": "==2019.3.9"
        },
        "chardet": {
            "hashes": [
                "sha256:84ab92ed1c4d4f16916e05906b6b75a6c0fb5db821cc65e70cbd64a3e2a5eaae",
                "sha256:fc323ffcaeaed0e0a02bf4d117757b98aed530d9ed4531e3e15460124c106691"
            ],
            "version": "==3.0.4"
        },
        "idna": {
            "hashes": [
                "sha256:c357b3f628cf53ae2c4c05627ecc484553142ca23264e593d327bcde5e9c3407",
                "sha256:ea8b7f6188e6fa117537c3df7da9fc686d485087abf6ac197f9c46432f7e4a3c"
            ],
            "version": "==2.8"
        },
        "peewee": {
            "hashes": [
                "sha256:f0249be468e3b119a8ad83f686e7fe161303197e0534e3cdff8fa5a5417c01a5"
            ],
            "index": "pypi",
            "version": "==3.9.5"
        },
        "python-dotenv": {
            "hashes": [
                "sha256:a84569d0e00d178bc5b957f7ff208bf49287cbf61857c31c258c4a91f571527b",
                "sha256:c9b1ddd3cdbe75c7d462cb84674d87130f4b948f090f02c7d7144779afb99ae0"
            ],
            "index": "pypi",
            "version": "==0.10.1"
        },
        "pytz": {
            "hashes": [
                "sha256:303879e36b721603cc54604edcac9d20401bdbe31e1e4fdee5b9f98d5d31dfda",
                "sha256:d747dd3d23d77ef44c6a3526e274af6efeb0a6f1afd5a69ba4d5be4098c8e141"
            ],
            "index": "pypi",
            "version": "==2019.1"
        },
        "requests": {
            "hashes": [
                "sha256:502a824f31acdacb3a35b6690b5fbf0bc41d63a24a45c4004352b0242707598e",
                "sha256:7bf2a778576d825600030a110f3c0e3e8edc51dfaafe1c146e39a2027784957b"
            ],
            "index": "pypi",
            "version": "==2.21.0"
        },
        "schedule": {
            "hashes": [
                "sha256:3f895a1036799a25ab9c335de917073e63cf8256920917e932777382f101f08f",
                "sha256:f9fb5181283de4db6e701d476dd01b6a3dd81c38462a54991ddbb9d26db857c9"
            ],
            "index": "pypi",
            "version": "==0.6.0"
        },
        "tsl2561": {
            "hashes": [
                "sha256:136ca72deff6c620be38b579834f88212ce8f31bfac4b0ec0b68bc3473e5c46a",
                "sha256:67d7a400e38a70770fc6ba17b2fc6d789a0d663bf6ccb4b9ce554b1fd401ca5f"
            ],
            "index": "pypi",
            "version": "==3.3"
        },
        "urllib3": {
            "hashes": [
                "sha256:2393a695cd12afedd0dcb26fe5d50d0cf248e5a66f75dbd89a3d4eb333a61af4",
                "sha256:a637e5fae88995b256e3409dc4d52c2e2e0ba32c42a6365fee8bbd2238de3cfb"
            ],
            "version": "==1.24.3"
        }
    },
    "develop": {}
}
