{
    "_meta": {
        "hash": {
            "sha256": "c9bc3d2f7516100c79f9ecd53216a40c49ae0b4b2799278f3e25b07567ec6db4"
        },
        "pipfile-spec": 6,
        "requires": {
            "python_version": "3.5"
        },
        "sources": [
            {
                "name": "pypi",
                "url": "https://pypi.org/simple",
                "verify_ssl": true
            }
        ]
    },
    "default": {
        "adafruit-bmp": {
            "hashes": [
                "sha256:eded0dbd503b5347152f7381e3ee2bb659ab5bb743731af9cc4f8e6b9c8bf754"
            ],
            "index": "pypi",
            "version": "==1.5.4"
        },
        "adafruit-gpio": {
            "hashes": [
                "sha256:d6465b92c866c51ca8f3bc1e8f2ec36f5ccdb46d0fd54101c1109756d4a2dcd0"
            ],
            "index": "pypi",
            "version": "==1.0.3"
        },
        "adafruit-pureio": {
            "hashes": [
                "sha256:e38646eb912c253d3e13d3d03f688e13254ee116ee741c50392c657baafd2a51",
                "sha256:e65cd929f1d8e109513ed1e457c2742bf4f15349c1a9b7f5b1e04191624d7488"
            ],
            "version": "==0.2.3"
        },
        "azure-iothub-device-client": {
            "hashes": [
                "sha256:215dd17549c34d9587ebf51808a29ded6d85e1c7502050cc09c093ce9f8036b9",
                "sha256:2670262aa39b17a469a3ca79e3098dc3258289fc44c54533d03d8c81690221a3",
                "sha256:2af21b667d7266bbd993f5398840d5a5115d5f67a6595a248c0816ef3ac8bdbf",
                "sha256:2c1630ff57f08eabbbaf917d6970cfbab0c55746754a59d26264ff5bbf63ad1b",
                "sha256:37ddff2a1de10f640b0192c6fd1a3ace3e11d4851992a2222aa1ccca781974c4",
                "sha256:388d9ecedc445070f8618e42b4dceff94e72e9bf97c3439e6642fd50f4299978",
                "sha256:39ee73daf1b1290c88084e72ff272bc3142f8ca259604c0f89687f0c621d426f",
                "sha256:cf380af9df478a61006c957670602cfe19a9e57bd6ec9d4e1ee380fc80b21838",
                "sha256:d2d785c69deba82530fdb8abec69cd3c0e294716a944c724eadefa45b7aa224f",
                "sha256:de3a2387bd7ee723d02b5458f41f6a02ac31ddd273c07c41882ad30823cc5b76",
                "sha256:e05facf315c0b9beb9c2113dd9342210648ac87b406a998798edc3f616b7dcf6",
                "sha256:f4c59ef96985d4f18afe3e11866a5806f53b5ec95501c37ead01d9cab142627e"
            ],
            "index": "pypi",
            "version": "==1.4.6"
        },
        "peewee": {
            "hashes": [
                "sha256:c80208d6ba2191728654cb5d2e85cd58e7dcad6a2fa1807868dd984ccef2586d"
            ],
            "index": "pypi",
            "version": "==3.8.1"
        },
        "pytz": {
            "hashes": [
                "sha256:32b0891edff07e28efe91284ed9c31e123d84bea3fd98e1f72be2508f43ef8d9",
                "sha256:d5f05e487007e29e03409f9398d074e158d920d36eb82eaf66fb1136b0c5374c"
            ],
            "index": "pypi",
            "version": "==2018.9"
        },
        "schedule": {
            "hashes": [
                "sha256:1003a07c2dce12828c25a03a611a7371cedfa956e5f1b4abc32bcc94eb5a335b",
                "sha256:a24e75fc5e5acbd204049d55329e39a2a9a3479bca2e34c7fde81386c9d8d2fa"
            ],
            "index": "pypi",
            "version": "==0.5.0"
        },
        "tsl2561": {
            "hashes": [
                "sha256:136ca72deff6c620be38b579834f88212ce8f31bfac4b0ec0b68bc3473e5c46a",
                "sha256:67d7a400e38a70770fc6ba17b2fc6d789a0d663bf6ccb4b9ce554b1fd401ca5f"
            ],
            "index": "pypi",
            "version": "==3.3"
        }
    },
    "develop": {}
}