{
    "_meta": {
        "hash": {
            "sha256": "99fb54adb5f668bf2363ac3a6898a330faae96e3d6b66abf922dafde3e4f6d52"
        },
        "pipfile-spec": 6,
        "requires": {
            "python_version": "3.5"
        },
        "sources": [
            {
                "name": "pypi",
                "url": "https://pypi.org/simple",
                "verify_ssl": true
            }
        ]
    },
    "default": {
        "adafruit-gpio": {
            "hashes": [
                "sha256:d6465b92c866c51ca8f3bc1e8f2ec36f5ccdb46d0fd54101c1109756d4a2dcd0"
            ],
            "index": "pypi",
            "version": "==1.0.3"
        },
        "adafruit-pureio": {
            "hashes": [
                "sha256:e65cd929f1d8e109513ed1e457c2742bf4f15349c1a9b7f5b1e04191624d7488"
            ],
            "version": "==0.2.3"
        },
        "azure-iothub-device-client": {
            "hashes": [
                "sha256:0be627987bf3c9368161ff88c4cff08e47ceed40cb968d0eb87ea176e8a6637e",
                "sha256:35124fffa866323dc2029ae1745c1dbd302d05e0f38c746c75be549c92842e16",
                "sha256:6054e82801b53852ffecf54d53c52b6a83b0ed3b82ca25831075e8eab4410b19",
                "sha256:6cf79c0fb56fb66ed7e9ab4b5e8377dab3ee9a72325141685b754e26dab933ee",
                "sha256:7d0cfaa9ca37451922cc73afc04732b71719320b5dac39f5e92866bdfa243cec",
                "sha256:96f607771e0aae5c3a5e94cd2586a1de8035e81919b3f69075656292c9221bea",
                "sha256:99e8fd11bbb14ca180396621f2916133487b337d4a42e00787cb2f519a0e38c3",
                "sha256:99f60d314afce38d008a705721531e0f6636bb79f452d037cb95e8271e043b28",
                "sha256:ab4a601a0f0076a422f508a43c957e212e2563150bdee052fd59bd8208d824e0",
                "sha256:b56dbfa7ac6ad6997553892185ac55646cf670de2bc196b2a0d9569516465ab7",
                "sha256:e3683615c64695f2dbd3e4fc4fe2cec780a565927a5b334d9483aa130b2594d7",
                "sha256:f27f94404ebccc7f7d1de72b3278974979736aa74920d7c30ba9e22a47bdd607"
            ],
            "index": "pypi",
            "version": "==1.4.4"
        },
        "peewee": {
            "hashes": [
                "sha256:a91c3ccff43ab71f08196aba1d17dd2548079744d54adc33d511db1c30b446ba"
            ],
            "index": "pypi",
            "version": "==3.7.1"
        },
        "pytz": {
            "hashes": [
                "sha256:31cb35c89bd7d333cd32c5f278fca91b523b0834369e757f4c5641ea252236ca",
                "sha256:8e0f8568c118d3077b46be7d654cc8167fa916092e28320cde048e54bfc9f1e6"
            ],
            "index": "pypi",
            "version": "==2018.7"
        },
        "tsl2561": {
            "hashes": [
                "sha256:136ca72deff6c620be38b579834f88212ce8f31bfac4b0ec0b68bc3473e5c46a",
                "sha256:67d7a400e38a70770fc6ba17b2fc6d789a0d663bf6ccb4b9ce554b1fd401ca5f"
            ],
            "index": "pypi",
            "version": "==3.3"
        }
    },
    "develop": {}
}
